// !$*UTF8*$!
{
	archiveVersion = 1;
	classes = {
	};
	objectVersion = 46;
	objects = {

/* Begin PBXBuildFile section */
		636B2B071E4D6B0900C84D74 /* AppDelegate.swift in Sources */ = {isa = PBXBuildFile; fileRef = 636B2B061E4D6B0900C84D74 /* AppDelegate.swift */; };
		636B2B091E4D6B0900C84D74 /* ViewController.swift in Sources */ = {isa = PBXBuildFile; fileRef = 636B2B081E4D6B0900C84D74 /* ViewController.swift */; };
		636B2B0C1E4D6B0900C84D74 /* Main.storyboard in Resources */ = {isa = PBXBuildFile; fileRef = 636B2B0A1E4D6B0900C84D74 /* Main.storyboard */; };
		636B2B0E1E4D6B0900C84D74 /* Assets.xcassets in Resources */ = {isa = PBXBuildFile; fileRef = 636B2B0D1E4D6B0900C84D74 /* Assets.xcassets */; };
		636B2B111E4D6B0900C84D74 /* LaunchScreen.storyboard in Resources */ = {isa = PBXBuildFile; fileRef = 636B2B0F1E4D6B0900C84D74 /* LaunchScreen.storyboard */; };
/* End PBXBuildFile section */

/* Begin PBXFileReference section */
		636B2B031E4D6B0900C84D74 /* classProduct2.app */ = {isa = PBXFileReference; explicitFileType = wrapper.application; includeInIndex = 0; path = classProduct2.app; sourceTree = BUILT_PRODUCTS_DIR; };
		636B2B061E4D6B0900C84D74 /* AppDelegate.swift */ = {isa = PBXFileReference; lastKnownFileType = sourcecode.swift; path = AppDelegate.swift; sourceTree = "<group>"; };
		636B2B081E4D6B0900C84D74 /* ViewController.swift */ = {isa = PBXFileReference; lastKnownFileType = sourcecode.swift; path = ViewController.swift; sourceTree = "<group>"; };
		636B2B0B1E4D6B0900C84D74 /* Base */ = {isa = PBXFileReference; lastKnownFileType = file.storyboard; name = Base; path = Base.lproj/Main.storyboard; sourceTree = "<group>"; };
		636B2B0D1E4D6B0900C84D74 /* Assets.xcassets */ = {isa = PBXFileReference; lastKnownFileType = folder.assetcatalog; path = Assets.xcassets; sourceTree = "<group>"; };
		636B2B101E4D6B0900C84D74 /* Base */ = {isa = PBXFileReference; lastKnownFileType = file.storyboard; name = Base; path = Base.lproj/LaunchScreen.storyboard; sourceTree = "<group>"; };
		636B2B121E4D6B0900C84D74 /* Info.plist */ = {isa = PBXFileReference; lastKnownFileType = text.plist.xml; path = Info.plist; sourceTree = "<group>"; };
/* End PBXFileReference section */

/* Begin PBXFrameworksBuildPhase section */
		636B2B001E4D6B0900C84D74 /* Frameworks */ = {
			isa = PBXFrameworksBuildPhase;
			buildActionMask = 2147483647;
			files = (
			);
			runOnlyForDeploymentPostprocessing = 0;
		};
/* End PBXFrameworksBuildPhase section */

/* Begin PBXGroup section */
		636B2AFA1E4D6B0900C84D74 = {
			isa = PBXGroup;
			children = (
				636B2B051E4D6B0900C84D74 /* classProduct2 */,
				636B2B041E4D6B0900C84D74 /* Products */,
			);
			sourceTree = "<group>";
		};
		636B2B041E4D6B0900C84D74 /* Products */ = {
			isa = PBXGroup;
			children = (
				636B2B031E4D6B0900C84D74 /* classProduct2.app */,
			);
			name = Products;
			sourceTree = "<group>";
		};
		636B2B051E4D6B0900C84D74 /* classProduct2 */ = {
			isa = PBXGroup;
			children = (
				636B2B061E4D6B0900C84D74 /* AppDelegate.swift */,
				636B2B081E4D6B0900C84D74 /* ViewController.swift */,
				636B2B0A1E4D6B0900C84D74 /* Main.storyboard */,
				636B2B0D1E4D6B0900C84D74 /* Assets.xcassets */,
				636B2B0F1E4D6B0900C84D74 /* LaunchScreen.storyboard */,
				636B2B121E4D6B0900C84D74 /* Info.plist */,
			);
			path = classProduct2;
			sourceTree = "<group>";
		};
/* End PBXGroup section */

/* Begin PBXNativeTarget section */
		636B2B021E4D6B0900C84D74 /* classProduct2 */ = {
			isa = PBXNativeTarget;
			buildConfigurationList = 636B2B151E4D6B0900C84D74 /* Build configuration list for PBXNativeTarget "classProduct2" */;
			buildPhases = (
				636B2AFF1E4D6B0900C84D74 /* Sources */,
				636B2B001E4D6B0900C84D74 /* Frameworks */,
				636B2B011E4D6B0900C84D74 /* Resources */,
			);
			buildRules = (
			);
			dependencies = (
			);
			name = classProduct2;
			productName = classProduct2;
			productReference = 636B2B031E4D6B0900C84D74 /* classProduct2.app */;
			productType = "com.apple.product-type.application";
		};
/* End PBXNativeTarget section */

/* Begin PBXProject section */
		636B2AFB1E4D6B0900C84D74 /* Project object */ = {
			isa = PBXProject;
			attributes = {
				LastSwiftUpdateCheck = 0820;
				LastUpgradeCheck = 0820;
				ORGANIZATIONNAME = Matt;
				TargetAttributes = {
					636B2B021E4D6B0900C84D74 = {
						CreatedOnToolsVersion = 8.2.1;
						ProvisioningStyle = Automatic;
					};
				};
			};
			buildConfigurationList = 636B2AFE1E4D6B0900C84D74 /* Build configuration list for PBXProject "classProduct2" */;
			compatibilityVersion = "Xcode 3.2";
			developmentRegion = English;
			hasScannedForEncodings = 0;
			knownRegions = (
				en,
				Base,
			);
			mainGroup = 636B2AFA1E4D6B0900C84D74;
			productRefGroup = 636B2B041E4D6B0900C84D74 /* Products */;
			projectDirPath = "";
			projectRoot = "";
			targets = (
				636B2B021E4D6B0900C84D74 /* classProduct2 */,
			);
		};
/* End PBXProject section */

/* Begin PBXResourcesBuildPhase section */
		636B2B011E4D6B0900C84D74 /* Resources */ = {
			isa = PBXResourcesBuildPhase;
			buildActionMask = 2147483647;
			files = (
				636B2B111E4D6B0900C84D74 /* LaunchScreen.storyboard in Resources */,
				636B2B0E1E4D6B0900C84D74 /* Assets.xcassets in Resources */,
				636B2B0C1E4D6B0900C84D74 /* Main.storyboard in Resources */,
			);
			runOnlyForDeploymentPostprocessing = 0;
		};
/* End PBXResourcesBuildPhase section */

/* Begin PBXSourcesBuildPhase section */
		636B2AFF1E4D6B0900C84D74 /* Sources */ = {
			isa = PBXSourcesBuildPhase;
			buildActionMask = 2147483647;
			files = (
				636B2B091E4D6B0900C84D74 /* ViewController.swift in Sources */,
				636B2B071E4D6B0900C84D74 /* AppDelegate.swift in Sources */,
			);
			runOnlyForDeploymentPostprocessing = 0;
		};
/* End PBXSourcesBuildPhase section */

/* Begin PBXVariantGroup section */
		636B2B0A1E4D6B0900C84D74 /* Main.storyboard */ = {
			isa = PBXVariantGroup;
			children = (
				636B2B0B1E4D6B0900C84D74 /* Base */,
			);
			name = Main.storyboard;
			sourceTree = "<group>";
		};
		636B2B0F1E4D6B0900C84D74 /* LaunchScreen.storyboard */ = {
			isa = PBXVariantGroup;
			children = (
				636B2B101E4D6B0900C84D74 /* Base */,
			);
			name = LaunchScreen.storyboard;
			sourceTree = "<group>";
		};
/* End PBXVariantGroup section */

/* Begin XCBuildConfiguration section */
		636B2B131E4D6B0900C84D74 /* Debug */ = {
			isa = XCBuildConfiguration;
			buildSettings = {
				ALWAYS_SEARCH_USER_PATHS = NO;
				CLANG_ANALYZER_NONNULL = YES;
				CLANG_CXX_LANGUAGE_STANDARD = "gnu++0x";
				CLANG_CXX_LIBRARY = "libc++";
				CLANG_ENABLE_MODULES = YES;
				CLANG_ENABLE_OBJC_ARC = YES;
				CLANG_WARN_BOOL_CONVERSION = YES;
				CLANG_WARN_CONSTANT_CONVERSION = YES;
				CLANG_WARN_DIRECT_OBJC_ISA_USAGE = YES_ERROR;
				CLANG_WARN_DOCUMENTATION_COMMENTS = YES;
				CLANG_WARN_EMPTY_BODY = YES;
				CLANG_WARN_ENUM_CONVERSION = YES;
				CLANG_WARN_INFINITE_RECURSION = YES;
				CLANG_WARN_INT_CONVERSION = YES;
				CLANG_WARN_OBJC_ROOT_CLASS = YES_ERROR;
				CLANG_WARN_SUSPICIOUS_MOVE = YES;
				CLANG_WARN_UNREACHABLE_CODE = YES;
				CLANG_WARN__DUPLICATE_METHOD_MATCH = YES;
				"CODE_SIGN_IDENTITY[sdk=iphoneos*]" = "iPhone Developer";
				COPY_PHASE_STRIP = NO;
				DEBUG_INFORMATION_FORMAT = dwarf;
				ENABLE_STRICT_OBJC_MSGSEND = YES;
				ENABLE_TESTABILITY = YES;
				GCC_C_LANGUAGE_STANDARD = gnu99;
				GCC_DYNAMIC_NO_PIC = NO;
				GCC_NO_COMMON_BLOCKS = YES;
				GCC_OPTIMIZATION_LEVEL = 0;
				GCC_PREPROCESSOR_DEFINITIONS = (
					"DEBUG=1",
					"$(inherited)",
				);
				GCC_WARN_64_TO_32_BIT_CONVERSION = YES;
				GCC_WARN_ABOUT_RETURN_TYPE = YES_ERROR;
				GCC_WARN_UNDECLARED_SELECTOR = YES;
				GCC_WARN_UNINITIALIZED_AUTOS = YES_AGGRESSIVE;
				GCC_WARN_UNUSED_FUNCTION = YES;
				GCC_WARN_UNUSED_VARIABLE = YES;
				IPHONEOS_DEPLOYMENT_TARGET = 10.2;
				MTL_ENABLE_DEBUG_INFO = YES;
				ONLY_ACTIVE_ARCH = YES;
				SDKROOT = iphoneos;
				SWIFT_ACTIVE_COMPILATION_CONDITIONS = DEBUG;
				SWIFT_OPTIMIZATION_LEVEL = "-Onone";
				TARGETED_DEVICE_FAMILY = "1,2";
			};
			name = Debug;
		};
		636B2B141E4D6B0900C84D74 /* Release */ = {
			isa = XCBuildConfiguration;
			buildSettings = {
				ALWAYS_SEARCH_USER_PATHS = NO;
				CLANG_ANALYZER_NONNULL = YES;
				CLANG_CXX_LANGUAGE_STANDARD = "gnu++0x";
				CLANG_CXX_LIBRARY = "libc++";
				CLANG_ENABLE_MODULES = YES;
				CLANG_ENABLE_OBJC_ARC = YES;
				CLANG_WARN_BOOL_CONVERSION = YES;
				CLANG_WARN_CONSTANT_CONVERSION = YES;
				CLANG_WARN_DIRECT_OBJC_ISA_USAGE = YES_ERROR;
				CLANG_WARN_DOCUMENTATION_COMMENTS = YES;
				CLANG_WARN_EMPTY_BODY = YES;
				CLANG_WARN_ENUM_CONVERSION = YES;
				CLANG_WARN_INFINITE_RECURSION = YES;
				CLANG_WARN_INT_CONVERSION = YES;
				CLANG_WARN_OBJC_ROOT_CLASS = YES_ERROR;
				CLANG_WARN_SUSPICIOUS_MOVE = YES;
				CLANG_WARN_UNREACHABLE_CODE = YES;
				CLANG_WARN__DUPLICATE_METHOD_MATCH = YES;
				"CODE_SIGN_IDENTITY[sdk=iphoneos*]" = "iPhone Developer";
				COPY_PHASE_STRIP = NO;
				DEBUG_INFORMATION_FORMAT = "dwarf-with-dsym";
				ENABLE_NS_ASSERTIONS = NO;
				ENABLE_STRICT_OBJC_MSGSEND = YES;
				GCC_C_LANGUAGE_STANDARD = gnu99;
				GCC_NO_COMMON_BLOCKS = YES;
				GCC_WARN_64_TO_32_BIT_CONVERSION = YES;
				GCC_WARN_ABOUT_RETURN_TYPE = YES_ERROR;
				GCC_WARN_UNDECLARED_SELECTOR = YES;
				GCC_WARN_UNINITIALIZED_AUTOS = YES_AGGRESSIVE;
				GCC_WARN_UNUSED_FUNCTION = YES;
				GCC_WARN_UNUSED_VARIABLE = YES;
				IPHONEOS_DEPLOYMENT_TARGET = 10.2;
				MTL_ENABLE_DEBUG_INFO = NO;
				SDKROOT = iphoneos;
				SWIFT_OPTIMIZATION_LEVEL = "-Owholemodule";
				TARGETED_DEVICE_FAMILY = "1,2";
				VALIDATE_PRODUCT = YES;
			};
			name = Release;
		};
		636B2B161E4D6B0900C84D74 /* Debug */ = {
			isa = XCBuildConfiguration;
			buildSettings = {
				ASSETCATALOG_COMPILER_APPICON_NAME = AppIcon;
				INFOPLIST_FILE = classProduct2/Info.plist;
				LD_RUNPATH_SEARCH_PATHS = "$(inherited) @executable_path/Frameworks";
				PRODUCT_BUNDLE_IDENTIFIER = com.Matt.classProduct2;
				PRODUCT_NAME = "$(TARGET_NAME)";
				SWIFT_VERSION = 3.0;
			};
			name = Debug;
		};
		636B2B171E4D6B0900C84D74 /* Release */ = {
			isa = XCBuildConfiguration;
			buildSettings = {
				ASSETCATALOG_COMPILER_APPICON_NAME = AppIcon;
				INFOPLIST_FILE = classProduct2/Info.plist;
				LD_RUNPATH_SEARCH_PATHS = "$(inherited) @executable_path/Frameworks";
				PRODUCT_BUNDLE_IDENTIFIER = com.Matt.classProduct2;
				PRODUCT_NAME = "$(TARGET_NAME)";
				SWIFT_VERSION = 3.0;
			};
			name = Release;
		};
/* End XCBuildConfiguration section */

/* Begin XCConfigurationList section */
		636B2AFE1E4D6B0900C84D74 /* Build configuration list for PBXProject "classProduct2" */ = {
			isa = XCConfigurationList;
			buildConfigurations = (
				636B2B131E4D6B0900C84D74 /* Debug */,
				636B2B141E4D6B0900C84D74 /* Release */,
			);
			defaultConfigurationIsVisible = 0;
			defaultConfigurationName = Release;
		};
		636B2B151E4D6B0900C84D74 /* Build configuration list for PBXNativeTarget "classProduct2" */ = {
			isa = XCConfigurationList;
			buildConfigurations = (
				636B2B161E4D6B0900C84D74 /* Debug */,
				636B2B171E4D6B0900C84D74 /* Release */,
			);
			defaultConfigurationIsVisible = 0;
		};
/* End XCConfigurationList section */
	};
	rootObject = 636B2AFB1E4D6B0900C84D74 /* Project object */;
}
